
Microsoft Visual Studio Solution File, Format Version 12.00
# Visual Studio 2013
VisualStudioVersion = 12.0.31101.0
MinimumVisualStudioVersion = 10.0.40219.1
Project("{FAE04EC0-301F-11D3-BF4B-00C04F79EFBC}") = "StandAloneWidgetTesting", "StandAloneWidgetTesting\StandAloneWidgetTesting.csproj", "{FA962840-54FA-4C7D-8ADB-5AE03F2C5D4E}"
EndProject
Project("{FAE04EC0-301F-11D3-BF4B-00C04F79EFBC}") = "SolutionZ.StandAloneWidget", "StandAloneWidgetCore\SolutionZ.StandAloneWidget.csproj", "{04E2C983-E658-432C-A187-8250E853CA4D}"
EndProject
Project("{FAE04EC0-301F-11D3-BF4B-00C04F79EFBC}") = "StandAloneWidget", "StandAloneWidget\StandAloneWidget.csproj", "{854AA955-0205-453F-9CE5-2580E99F9066}"
EndProject
Global
	GlobalSection(SolutionConfigurationPlatforms) = preSolution
		Debug|Any CPU = Debug|Any CPU
		Release|Any CPU = Release|Any CPU
	EndGlobalSection
	GlobalSection(ProjectConfigurationPlatforms) = postSolution
		{FA962840-54FA-4C7D-8ADB-5AE03F2C5D4E}.Debug|Any CPU.ActiveCfg = Debug|Any CPU
		{FA962840-54FA-4C7D-8ADB-5AE03F2C5D4E}.Debug|Any CPU.Build.0 = Debug|Any CPU
		{FA962840-54FA-4C7D-8ADB-5AE03F2C5D4E}.Release|Any CPU.ActiveCfg = Release|Any CPU
		{FA962840-54FA-4C7D-8ADB-5AE03F2C5D4E}.Release|Any CPU.Build.0 = Release|Any CPU
		{04E2C983-E658-432C-A187-8250E853CA4D}.Debug|Any CPU.ActiveCfg = Debug|Any CPU
		{04E2C983-E658-432C-A187-8250E853CA4D}.Debug|Any CPU.Build.0 = Debug|Any CPU
		{04E2C983-E658-432C-A187-8250E853CA4D}.Release|Any CPU.ActiveCfg = Release|Any CPU
		{04E2C983-E658-432C-A187-8250E853CA4D}.Release|Any CPU.Build.0 = Release|Any CPU
		{854AA955-0205-453F-9CE5-2580E99F9066}.Debug|Any CPU.ActiveCfg = Debug|Any CPU
		{854AA955-0205-453F-9CE5-2580E99F9066}.Debug|Any CPU.Build.0 = Debug|Any CPU
		{854AA955-0205-453F-9CE5-2580E99F9066}.Release|Any CPU.ActiveCfg = Release|Any CPU
		{854AA955-0205-453F-9CE5-2580E99F9066}.Release|Any CPU.Build.0 = Release|Any CPU
	EndGlobalSection
	GlobalSection(SolutionProperties) = preSolution
		HideSolutionNode = FALSE
	EndGlobalSection
EndGlobal
